
Microsoft Visual Studio Solution File, Format Version 12.00
# Visual Studio 15
VisualStudioVersion = 15.0.28307.960
MinimumVisualStudioVersion = 10.0.40219.1
Project("{FAE04EC0-301F-11D3-BF4B-00C04F79EFBC}") = "sample401", "sample401\sample401.csproj", "{2DEAC622-B62A-467B-8273-20B761A227EF}"
EndProject
Global
	GlobalSection(SolutionConfigurationPlatforms) = preSolution
		Debug|Any CPU = Debug|Any CPU
		Release|Any CPU = Release|Any CPU
	EndGlobalSection
	GlobalSection(ProjectConfigurationPlatforms) = postSolution
		{2DEAC622-B62A-467B-8273-20B761A227EF}.Debug|Any CPU.ActiveCfg = Debug|Any CPU
		{2DEAC622-B62A-467B-8273-20B761A227EF}.Debug|Any CPU.Build.0 = Debug|Any CPU
		{2DEAC622-B62A-467B-8273-20B761A227EF}.Release|Any CPU.ActiveCfg = Release|Any CPU
		{2DEAC622-B62A-467B-8273-20B761A227EF}.Release|Any CPU.Build.0 = Release|Any CPU
	EndGlobalSection
	GlobalSection(SolutionProperties) = preSolution
		HideSolutionNode = FALSE
	EndGlobalSection
	GlobalSection(ExtensibilityGlobals) = postSolution
		SolutionGuid = {460EE100-C4FE-4FAA-8813-0C12B9E3BB6A}
	EndGlobalSection
EndGlobal
