
Microsoft Visual Studio Solution File, Format Version 12.00
# Visual Studio 15
VisualStudioVersion = 15.0.28307.902
MinimumVisualStudioVersion = 10.0.40219.1
Project("{FAE04EC0-301F-11D3-BF4B-00C04F79EFBC}") = "prob4-7", "prob4-7\prob4-7.csproj", "{986A2620-8996-4435-B38C-F4C267CBDC32}"
EndProject
Global
	GlobalSection(SolutionConfigurationPlatforms) = preSolution
		Debug|Any CPU = Debug|Any CPU
		Release|Any CPU = Release|Any CPU
	EndGlobalSection
	GlobalSection(ProjectConfigurationPlatforms) = postSolution
		{986A2620-8996-4435-B38C-F4C267CBDC32}.Debug|Any CPU.ActiveCfg = Debug|Any CPU
		{986A2620-8996-4435-B38C-F4C267CBDC32}.Debug|Any CPU.Build.0 = Debug|Any CPU
		{986A2620-8996-4435-B38C-F4C267CBDC32}.Release|Any CPU.ActiveCfg = Release|Any CPU
		{986A2620-8996-4435-B38C-F4C267CBDC32}.Release|Any CPU.Build.0 = Release|Any CPU
	EndGlobalSection
	GlobalSection(SolutionProperties) = preSolution
		HideSolutionNode = FALSE
	EndGlobalSection
	GlobalSection(ExtensibilityGlobals) = postSolution
		SolutionGuid = {D3027A61-F994-49B9-9368-AB36702B5501}
	EndGlobalSection
EndGlobal
